// !$*UTF8*$!
{
	archiveVersion = 1;
	classes = {
	};
	objectVersion = 46;
	objects = {

/* Begin PBXBuildFile section */
		6826FB5019C45F0300664D7B /* AlbertEinsteinStamp.jpg in Resources */ = {isa = PBXBuildFile; fileRef = 6826FB4E19C45F0300664D7B /* AlbertEinsteinStamp.jpg */; };
		6826FB5119C45F0300664D7B /* SagradaFamilia.jpeg in Resources */ = {isa = PBXBuildFile; fileRef = 6826FB4F19C45F0300664D7B /* SagradaFamilia.jpeg */; };
		68AF4D7A19C3D62B00172103 /* AppDelegate.swift in Sources */ = {isa = PBXBuildFile; fileRef = 68AF4D7919C3D62B00172103 /* AppDelegate.swift */; };
		68AF4D7C19C3D62B00172103 /* ViewController.swift in Sources */ = {isa = PBXBuildFile; fileRef = 68AF4D7B19C3D62B00172103 /* ViewController.swift */; };
		68AF4D7F19C3D62B00172103 /* Main.storyboard in Resources */ = {isa = PBXBuildFile; fileRef = 68AF4D7D19C3D62B00172103 /* Main.storyboard */; };
		68AF4D8119C3D62B00172103 /* Images.xcassets in Resources */ = {isa = PBXBuildFile; fileRef = 68AF4D8019C3D62B00172103 /* Images.xcassets */; };
		68AF4D8419C3D62B00172103 /* LaunchScreen.xib in Resources */ = {isa = PBXBuildFile; fileRef = 68AF4D8219C3D62B00172103 /* LaunchScreen.xib */; };
		68AF4D9019C3D62B00172103 /* PostcardTests.swift in Sources */ = {isa = PBXBuildFile; fileRef = 68AF4D8F19C3D62B00172103 /* PostcardTests.swift */; };
/* End PBXBuildFile section */

/* Begin PBXContainerItemProxy section */
		68AF4D8A19C3D62B00172103 /* PBXContainerItemProxy */ = {
			isa = PBXContainerItemProxy;
			containerPortal = 68AF4D6C19C3D62B00172103 /* Project object */;
			proxyType = 1;
			remoteGlobalIDString = 68AF4D7319C3D62B00172103;
			remoteInfo = Postcard;
		};
/* End PBXContainerItemProxy section */

/* Begin PBXFileReference section */
		6826FB4E19C45F0300664D7B /* AlbertEinsteinStamp.jpg */ = {isa = PBXFileReference; lastKnownFileType = image.jpeg; path = AlbertEinsteinStamp.jpg; sourceTree = "<group>"; };
		6826FB4F19C45F0300664D7B /* SagradaFamilia.jpeg */ = {isa = PBXFileReference; lastKnownFileType = image.jpeg; path = SagradaFamilia.jpeg; sourceTree = "<group>"; };
		68AF4D7419C3D62B00172103 /* Postcard.app */ = {isa = PBXFileReference; explicitFileType = wrapper.application; includeInIndex = 0; path = Postcard.app; sourceTree = BUILT_PRODUCTS_DIR; };
		68AF4D7819C3D62B00172103 /* Info.plist */ = {isa = PBXFileReference; lastKnownFileType = text.plist.xml; path = Info.plist; sourceTree = "<group>"; };
		68AF4D7919C3D62B00172103 /* AppDelegate.swift */ = {isa = PBXFileReference; lastKnownFileType = sourcecode.swift; path = AppDelegate.swift; sourceTree = "<group>"; };
		68AF4D7B19C3D62B00172103 /* ViewController.swift */ = {isa = PBXFileReference; lastKnownFileType = sourcecode.swift; path = ViewController.swift; sourceTree = "<group>"; };
		68AF4D7E19C3D62B00172103 /* Base */ = {isa = PBXFileReference; lastKnownFileType = file.storyboard; name = Base; path = Base.lproj/Main.storyboard; sourceTree = "<group>"; };
		68AF4D8019C3D62B00172103 /* Images.xcassets */ = {isa = PBXFileReference; lastKnownFileType = folder.assetcatalog; path = Images.xcassets; sourceTree = "<group>"; };
		68AF4D8319C3D62B00172103 /* Base */ = {isa = PBXFileReference; lastKnownFileType = file.xib; name = Base; path = Base.lproj/LaunchScreen.xib; sourceTree = "<group>"; };
		68AF4D8919C3D62B00172103 /* PostcardTests.xctest */ = {isa = PBXFileReference; explicitFileType = wrapper.cfbundle; includeInIndex = 0; path = PostcardTests.xctest; sourceTree = BUILT_PRODUCTS_DIR; };
		68AF4D8E19C3D62B00172103 /* Info.plist */ = {isa = PBXFileReference; lastKnownFileType = text.plist.xml; path = Info.plist; sourceTree = "<group>"; };
		68AF4D8F19C3D62B00172103 /* PostcardTests.swift */ = {isa = PBXFileReference; lastKnownFileType = sourcecode.swift; path = PostcardTests.swift; sourceTree = "<group>"; };
/* End PBXFileReference section */

/* Begin PBXFrameworksBuildPhase section */
		68AF4D7119C3D62B00172103 /* Frameworks */ = {
			isa = PBXFrameworksBuildPhase;
			buildActionMask = 2147483647;
			files = (
			);
			runOnlyForDeploymentPostprocessing = 0;
		};
		68AF4D8619C3D62B00172103 /* Frameworks */ = {
			isa = PBXFrameworksBuildPhase;
			buildActionMask = 2147483647;
			files = (
			);
			runOnlyForDeploymentPostprocessing = 0;
		};
/* End PBXFrameworksBuildPhase section */

/* Begin PBXGroup section */
		68AF4D6B19C3D62B00172103 = {
			isa = PBXGroup;
			children = (
				68AF4D7619C3D62B00172103 /* Postcard */,
				68AF4D8C19C3D62B00172103 /* PostcardTests */,
				68AF4D7519C3D62B00172103 /* Products */,
			);
			sourceTree = "<group>";
		};
		68AF4D7519C3D62B00172103 /* Products */ = {
			isa = PBXGroup;
			children = (
				68AF4D7419C3D62B00172103 /* Postcard.app */,
				68AF4D8919C3D62B00172103 /* PostcardTests.xctest */,
			);
			name = Products;
			sourceTree = "<group>";
		};
		68AF4D7619C3D62B00172103 /* Postcard */ = {
			isa = PBXGroup;
			children = (
				68AF4D7919C3D62B00172103 /* AppDelegate.swift */,
				68AF4D7B19C3D62B00172103 /* ViewController.swift */,
				68AF4D7D19C3D62B00172103 /* Main.storyboard */,
				68AF4D8019C3D62B00172103 /* Images.xcassets */,
				68AF4D8219C3D62B00172103 /* LaunchScreen.xib */,
				68AF4D7719C3D62B00172103 /* Supporting Files */,
			);
			path = Postcard;
			sourceTree = "<group>";
		};
		68AF4D7719C3D62B00172103 /* Supporting Files */ = {
			isa = PBXGroup;
			children = (
				6826FB4E19C45F0300664D7B /* AlbertEinsteinStamp.jpg */,
				6826FB4F19C45F0300664D7B /* SagradaFamilia.jpeg */,
				68AF4D7819C3D62B00172103 /* Info.plist */,
			);
			name = "Supporting Files";
			sourceTree = "<group>";
		};
		68AF4D8C19C3D62B00172103 /* PostcardTests */ = {
			isa = PBXGroup;
			children = (
				68AF4D8F19C3D62B00172103 /* PostcardTests.swift */,
				68AF4D8D19C3D62B00172103 /* Supporting Files */,
			);
			path = PostcardTests;
			sourceTree = "<group>";
		};
		68AF4D8D19C3D62B00172103 /* Supporting Files */ = {
			isa = PBXGroup;
			children = (
				68AF4D8E19C3D62B00172103 /* Info.plist */,
			);
			name = "Supporting Files";
			sourceTree = "<group>";
		};
/* End PBXGroup section */

/* Begin PBXNativeTarget section */
		68AF4D7319C3D62B00172103 /* Postcard */ = {
			isa = PBXNativeTarget;
			buildConfigurationList = 68AF4D9319C3D62B00172103 /* Build configuration list for PBXNativeTarget "Postcard" */;
			buildPhases = (
				68AF4D7019C3D62B00172103 /* Sources */,
				68AF4D7119C3D62B00172103 /* Frameworks */,
				68AF4D7219C3D62B00172103 /* Resources */,
			);
			buildRules = (
			);
			dependencies = (
			);
			name = Postcard;
			productName = Postcard;
			productReference = 68AF4D7419C3D62B00172103 /* Postcard.app */;
			productType = "com.apple.product-type.application";
		};
		68AF4D8819C3D62B00172103 /* PostcardTests */ = {
			isa = PBXNativeTarget;
			buildConfigurationList = 68AF4D9619C3D62B00172103 /* Build configuration list for PBXNativeTarget "PostcardTests" */;
			buildPhases = (
				68AF4D8519C3D62B00172103 /* Sources */,
				68AF4D8619C3D62B00172103 /* Frameworks */,
				68AF4D8719C3D62B00172103 /* Resources */,
			);
			buildRules = (
			);
			dependencies = (
				68AF4D8B19C3D62B00172103 /* PBXTargetDependency */,
			);
			name = PostcardTests;
			productName = PostcardTests;
			productReference = 68AF4D8919C3D62B00172103 /* PostcardTests.xctest */;
			productType = "com.apple.product-type.bundle.unit-test";
		};
/* End PBXNativeTarget section */

/* Begin PBXProject section */
		68AF4D6C19C3D62B00172103 /* Project object */ = {
			isa = PBXProject;
			attributes = {
				LastUpgradeCheck = 0600;
				ORGANIZATIONNAME = theAppKitchen;
				TargetAttributes = {
					68AF4D7319C3D62B00172103 = {
						CreatedOnToolsVersion = 6.0;
						DevelopmentTeam = QQ9527565S;
					};
					68AF4D8819C3D62B00172103 = {
						CreatedOnToolsVersion = 6.0;
						TestTargetID = 68AF4D7319C3D62B00172103;
					};
				};
			};
			buildConfigurationList = 68AF4D6F19C3D62B00172103 /* Build configuration list for PBXProject "Postcard" */;
			compatibilityVersion = "Xcode 3.2";
			developmentRegion = English;
			hasScannedForEncodings = 0;
			knownRegions = (
				en,
				Base,
			);
			mainGroup = 68AF4D6B19C3D62B00172103;
			productRefGroup = 68AF4D7519C3D62B00172103 /* Products */;
			projectDirPath = "";
			projectRoot = "";
			targets = (
				68AF4D7319C3D62B00172103 /* Postcard */,
				68AF4D8819C3D62B00172103 /* PostcardTests */,
			);
		};
/* End PBXProject section */

/* Begin PBXResourcesBuildPhase section */
		68AF4D7219C3D62B00172103 /* Resources */ = {
			isa = PBXResourcesBuildPhase;
			buildActionMask = 2147483647;
			files = (
				6826FB5019C45F0300664D7B /* AlbertEinsteinStamp.jpg in Resources */,
				68AF4D7F19C3D62B00172103 /* Main.storyboard in Resources */,
				68AF4D8419C3D62B00172103 /* LaunchScreen.xib in Resources */,
				68AF4D8119C3D62B00172103 /* Images.xcassets in Resources */,
				6826FB5119C45F0300664D7B /* SagradaFamilia.jpeg in Resources */,
			);
			runOnlyForDeploymentPostprocessing = 0;
		};
		68AF4D8719C3D62B00172103 /* Resources */ = {
			isa = PBXResourcesBuildPhase;
			buildActionMask = 2147483647;
			files = (
			);
			runOnlyForDeploymentPostprocessing = 0;
		};
/* End PBXResourcesBuildPhase section */

/* Begin PBXSourcesBuildPhase section */
		68AF4D7019C3D62B00172103 /* Sources */ = {
			isa = PBXSourcesBuildPhase;
			buildActionMask = 2147483647;
			files = (
				68AF4D7C19C3D62B00172103 /* ViewController.swift in Sources */,
				68AF4D7A19C3D62B00172103 /* AppDelegate.swift in Sources */,
			);
			runOnlyForDeploymentPostprocessing = 0;
		};
		68AF4D8519C3D62B00172103 /* Sources */ = {
			isa = PBXSourcesBuildPhase;
			buildActionMask = 2147483647;
			files = (
				68AF4D9019C3D62B00172103 /* PostcardTests.swift in Sources */,
			);
			runOnlyForDeploymentPostprocessing = 0;
		};
/* End PBXSourcesBuildPhase section */

/* Begin PBXTargetDependency section */
		68AF4D8B19C3D62B00172103 /* PBXTargetDependency */ = {
			isa = PBXTargetDependency;
			target = 68AF4D7319C3D62B00172103 /* Postcard */;
			targetProxy = 68AF4D8A19C3D62B00172103 /* PBXContainerItemProxy */;
		};
/* End PBXTargetDependency section */

/* Begin PBXVariantGroup section */
		68AF4D7D19C3D62B00172103 /* Main.storyboard */ = {
			isa = PBXVariantGroup;
			children = (
				68AF4D7E19C3D62B00172103 /* Base */,
			);
			name = Main.storyboard;
			sourceTree = "<group>";
		};
		68AF4D8219C3D62B00172103 /* LaunchScreen.xib */ = {
			isa = PBXVariantGroup;
			children = (
				68AF4D8319C3D62B00172103 /* Base */,
			);
			name = LaunchScreen.xib;
			sourceTree = "<group>";
		};
/* End PBXVariantGroup section */

/* Begin XCBuildConfiguration section */
		68AF4D9119C3D62B00172103 /* Debug */ = {
			isa = XCBuildConfiguration;
			buildSettings = {
				ALWAYS_SEARCH_USER_PATHS = NO;
				CLANG_CXX_LANGUAGE_STANDARD = "gnu++0x";
				CLANG_CXX_LIBRARY = "libc++";
				CLANG_ENABLE_MODULES = YES;
				CLANG_ENABLE_OBJC_ARC = YES;
				CLANG_WARN_BOOL_CONVERSION = YES;
				CLANG_WARN_CONSTANT_CONVERSION = YES;
				CLANG_WARN_DIRECT_OBJC_ISA_USAGE = YES_ERROR;
				CLANG_WARN_EMPTY_BODY = YES;
				CLANG_WARN_ENUM_CONVERSION = YES;
				CLANG_WARN_INT_CONVERSION = YES;
				CLANG_WARN_OBJC_ROOT_CLASS = YES_ERROR;
				CLANG_WARN_UNREACHABLE_CODE = YES;
				CLANG_WARN__DUPLICATE_METHOD_MATCH = YES;
				"CODE_SIGN_IDENTITY[sdk=iphoneos*]" = "iPhone Developer";
				COPY_PHASE_STRIP = NO;
				ENABLE_STRICT_OBJC_MSGSEND = YES;
				GCC_C_LANGUAGE_STANDARD = gnu99;
				GCC_DYNAMIC_NO_PIC = NO;
				GCC_OPTIMIZATION_LEVEL = 0;
				GCC_PREPROCESSOR_DEFINITIONS = (
					"DEBUG=1",
					"$(inherited)",
				);
				GCC_SYMBOLS_PRIVATE_EXTERN = NO;
				GCC_WARN_64_TO_32_BIT_CONVERSION = YES;
				GCC_WARN_ABOUT_RETURN_TYPE = YES_ERROR;
				GCC_WARN_UNDECLARED_SELECTOR = YES;
				GCC_WARN_UNINITIALIZED_AUTOS = YES_AGGRESSIVE;
				GCC_WARN_UNUSED_FUNCTION = YES;
				GCC_WARN_UNUSED_VARIABLE = YES;
				IPHONEOS_DEPLOYMENT_TARGET = 8.0;
				MTL_ENABLE_DEBUG_INFO = YES;
				ONLY_ACTIVE_ARCH = YES;
				SDKROOT = iphoneos;
				SWIFT_OPTIMIZATION_LEVEL = "-Onone";
			};
			name = Debug;
		};
		68AF4D9219C3D62B00172103 /* Release */ = {
			isa = XCBuildConfiguration;
			buildSettings = {
				ALWAYS_SEARCH_USER_PATHS = NO;
				CLANG_CXX_LANGUAGE_STANDARD = "gnu++0x";
				CLANG_CXX_LIBRARY = "libc++";
				CLANG_ENABLE_MODULES = YES;
				CLANG_ENABLE_OBJC_ARC = YES;
				CLANG_WARN_BOOL_CONVERSION = YES;
				CLANG_WARN_CONSTANT_CONVERSION = YES;
				CLANG_WARN_DIRECT_OBJC_ISA_USAGE = YES_ERROR;
				CLANG_WARN_EMPTY_BODY = YES;
				CLANG_WARN_ENUM_CONVERSION = YES;
				CLANG_WARN_INT_CONVERSION = YES;
				CLANG_WARN_OBJC_ROOT_CLASS = YES_ERROR;
				CLANG_WARN_UNREACHABLE_CODE = YES;
				CLANG_WARN__DUPLICATE_METHOD_MATCH = YES;
				"CODE_SIGN_IDENTITY[sdk=iphoneos*]" = "iPhone Developer";
				COPY_PHASE_STRIP = YES;
				ENABLE_NS_ASSERTIONS = NO;
				ENABLE_STRICT_OBJC_MSGSEND = YES;
				GCC_C_LANGUAGE_STANDARD = gnu99;
				GCC_WARN_64_TO_32_BIT_CONVERSION = YES;
				GCC_WARN_ABOUT_RETURN_TYPE = YES_ERROR;
				GCC_WARN_UNDECLARED_SELECTOR = YES;
				GCC_WARN_UNINITIALIZED_AUTOS = YES_AGGRESSIVE;
				GCC_WARN_UNUSED_FUNCTION = YES;
				GCC_WARN_UNUSED_VARIABLE = YES;
				IPHONEOS_DEPLOYMENT_TARGET = 8.0;
				MTL_ENABLE_DEBUG_INFO = NO;
				SDKROOT = iphoneos;
				VALIDATE_PRODUCT = YES;
			};
			name = Release;
		};
		68AF4D9419C3D62B00172103 /* Debug */ = {
			isa = XCBuildConfiguration;
			buildSettings = {
				ASSETCATALOG_COMPILER_APPICON_NAME = AppIcon;
				CODE_SIGN_IDENTITY = "iPhone Developer";
				INFOPLIST_FILE = Postcard/Info.plist;
				LD_RUNPATH_SEARCH_PATHS = "$(inherited) @executable_path/Frameworks";
				PRODUCT_NAME = "$(TARGET_NAME)";
			};
			name = Debug;
		};
		68AF4D9519C3D62B00172103 /* Release */ = {
			isa = XCBuildConfiguration;
			buildSettings = {
				ASSETCATALOG_COMPILER_APPICON_NAME = AppIcon;
				CODE_SIGN_IDENTITY = "iPhone Developer";
				INFOPLIST_FILE = Postcard/Info.plist;
				LD_RUNPATH_SEARCH_PATHS = "$(inherited) @executable_path/Frameworks";
				PRODUCT_NAME = "$(TARGET_NAME)";
			};
			name = Release;
		};
		68AF4D9719C3D62B00172103 /* Debug */ = {
			isa = XCBuildConfiguration;
			buildSettings = {
				BUNDLE_LOADER = "$(TEST_HOST)";
				FRAMEWORK_SEARCH_PATHS = (
					"$(SDKROOT)/Developer/Library/Frameworks",
					"$(inherited)",
				);
				GCC_PREPROCESSOR_DEFINITIONS = (
					"DEBUG=1",
					"$(inherited)",
				);
				INFOPLIST_FILE = PostcardTests/Info.plist;
				LD_RUNPATH_SEARCH_PATHS = "$(inherited) @executable_path/Frameworks @loader_path/Frameworks";
				PRODUCT_NAME = "$(TARGET_NAME)";
				TEST_HOST = "$(BUILT_PRODUCTS_DIR)/Postcard.app/Postcard";
			};
			name = Debug;
		};
		68AF4D9819C3D62B00172103 /* Release */ = {
			isa = XCBuildConfiguration;
			buildSettings = {
				BUNDLE_LOADER = "$(TEST_HOST)";
				FRAMEWORK_SEARCH_PATHS = (
					"$(SDKROOT)/Developer/Library/Frameworks",
					"$(inherited)",
				);
				INFOPLIST_FILE = PostcardTests/Info.plist;
				LD_RUNPATH_SEARCH_PATHS = "$(inherited) @executable_path/Frameworks @loader_path/Frameworks";
				PRODUCT_NAME = "$(TARGET_NAME)";
				TEST_HOST = "$(BUILT_PRODUCTS_DIR)/Postcard.app/Postcard";
			};
			name = Release;
		};
/* End XCBuildConfiguration section */

/* Begin XCConfigurationList section */
		68AF4D6F19C3D62B00172103 /* Build configuration list for PBXProject "Postcard" */ = {
			isa = XCConfigurationList;
			buildConfigurations = (
				68AF4D9119C3D62B00172103 /* Debug */,
				68AF4D9219C3D62B00172103 /* Release */,
			);
			defaultConfigurationIsVisible = 0;
			defaultConfigurationName = Release;
		};
		68AF4D9319C3D62B00172103 /* Build configuration list for PBXNativeTarget "Postcard" */ = {
			isa = XCConfigurationList;
			buildConfigurations = (
				68AF4D9419C3D62B00172103 /* Debug */,
				68AF4D9519C3D62B00172103 /* Release */,
			);
			defaultConfigurationIsVisible = 0;
			defaultConfigurationName = Release;
		};
		68AF4D9619C3D62B00172103 /* Build configuration list for PBXNativeTarget "PostcardTests" */ = {
			isa = XCConfigurationList;
			buildConfigurations = (
				68AF4D9719C3D62B00172103 /* Debug */,
				68AF4D9819C3D62B00172103 /* Release */,
			);
			defaultConfigurationIsVisible = 0;
			defaultConfigurationName = Release;
		};
/* End XCConfigurationList section */
	};
	rootObject = 68AF4D6C19C3D62B00172103 /* Project object */;
}
